Microsoft Visual Studio Solution File, Format Version 11.00
# Visual Studio 2008

Project("{8D14A9C2-296C-2898-1C4B-0E56B987222F}") = "EgyptianRUNN", "Assembly-CSharp.csproj", "{A9C0C4B7-857E-2AD6-F874-A3AC5F0D8D25}"
EndProject
Global
	GlobalSection(SolutionConfigurationPlatforms) = preSolution
		Debug|Any CPU = Debug|Any CPU
		Release|Any CPU = Release|Any CPU
	EndGlobalSection
	GlobalSection(ProjectConfigurationPlatforms) = postSolution
		{A9C0C4B7-857E-2AD6-F874-A3AC5F0D8D25}.Debug|Any CPU.ActiveCfg = Debug|Any CPU
		{A9C0C4B7-857E-2AD6-F874-A3AC5F0D8D25}.Debug|Any CPU.Build.0 = Debug|Any CPU
		{A9C0C4B7-857E-2AD6-F874-A3AC5F0D8D25}.Release|Any CPU.ActiveCfg = Release|Any CPU
		{A9C0C4B7-857E-2AD6-F874-A3AC5F0D8D25}.Release|Any CPU.Build.0 = Release|Any CPU
	EndGlobalSection
	GlobalSection(SolutionProperties) = preSolution
		HideSolutionNode = FALSE
	EndGlobalSection
																																																																																																																																																																																																																									GlobalSection(MonoDevelopProperties) = preSolution
=======
																																																																																																																																																																																	GlobalSection(MonoDevelopProperties) = preSolution
>>>>>>> e62cb67d99b86eb72819c1bb514543583fe6ab6e
=======
																																																																																																																																																																																GlobalSection(MonoDevelopProperties) = preSolution
>>>>>>> 6610e75bcb1d71755704a279adfbb08d28a00b99
=======
																																																																																																																																																																					GlobalSection(MonoDevelopProperties) = preSolution
>>>>>>> .merge_file_pKExeD
=======
						GlobalSection(MonoDevelopProperties) = preSolution
>>>>>>> 923133d0d8bdc8ba6424b4c97a60394eb9f42ad1
=======
														GlobalSection(MonoDevelopProperties) = preSolution
>>>>>>> refs/remotes/origin/develop
		StartupItem = Assembly-CSharp.csproj
		Policies = $0
		$0.TextStylePolicy = $1
		$1.inheritsSet = null
		$1.scope = text/x-csharp
		$0.CSharpFormattingPolicy = $2
		$2.inheritsSet = Mono
		$2.inheritsScope = text/x-csharp
		$2.scope = text/x-csharp
		$0.TextStylePolicy = $3
		$3.FileWidth = 120
		$3.TabWidth = 4
		$3.EolMarker = Unix
		$3.inheritsSet = Mono
		$3.inheritsScope = text/plain
		$3.scope = text/plain
	EndGlobalSection

EndGlobal
